
Microsoft Visual Studio Solution File, Format Version 12.00
# Visual Studio Version 16
VisualStudioVersion = 25.0.1705.3
MinimumVisualStudioVersion = 10.0.40219.1
Project("{FAE04EC0-301F-11D3-BF4B-00C04F79EFBC}") = "Study_Practice", "Study_Practice\Study_Practice.csproj", "{856ABEA6-FF48-4B79-B2AC-015B6494D48E}"
EndProject
Global
	GlobalSection(SolutionConfigurationPlatforms) = preSolution
		Debug|Any CPU = Debug|Any CPU
		Release|Any CPU = Release|Any CPU
	EndGlobalSection
	GlobalSection(ProjectConfigurationPlatforms) = postSolution
		{856ABEA6-FF48-4B79-B2AC-015B6494D48E}.Debug|Any CPU.ActiveCfg = Debug|Any CPU
		{856ABEA6-FF48-4B79-B2AC-015B6494D48E}.Debug|Any CPU.Build.0 = Debug|Any CPU
		{856ABEA6-FF48-4B79-B2AC-015B6494D48E}.Release|Any CPU.ActiveCfg = Release|Any CPU
		{856ABEA6-FF48-4B79-B2AC-015B6494D48E}.Release|Any CPU.Build.0 = Release|Any CPU
	EndGlobalSection
	GlobalSection(SolutionProperties) = preSolution
		HideSolutionNode = FALSE
	EndGlobalSection
	GlobalSection(ExtensibilityGlobals) = postSolution
		SolutionGuid = {0C5A18CD-0383-4BFA-91D6-5464BE0FAEFC}
	EndGlobalSection
EndGlobal
